// !$*UTF8*$!
{
	archiveVersion = 1;
	classes = {
	};
	objectVersion = 46;
	objects = {

/* Begin PBXBuildFile section */
		AE7CF1001C4D38BF0004BABF /* main.swift in Sources */ = {isa = PBXBuildFile; fileRef = AE7CF0FF1C4D38BF0004BABF /* main.swift */; };
		AE7CF1091C4D39DE0004BABF /* Flashcard.swift in Sources */ = {isa = PBXBuildFile; fileRef = AE7CF1081C4D39DE0004BABF /* Flashcard.swift */; };
		AEBC16761C500858002C7393 /* FlashcardSet.swift in Sources */ = {isa = PBXBuildFile; fileRef = AEBC16751C500858002C7393 /* FlashcardSet.swift */; };
/* End PBXBuildFile section */

/* Begin PBXCopyFilesBuildPhase section */
		AE7CF0FA1C4D38BF0004BABF /* CopyFiles */ = {
			isa = PBXCopyFilesBuildPhase;
			buildActionMask = 2147483647;
			dstPath = /usr/share/man/man1/;
			dstSubfolderSpec = 0;
			files = (
			);
			runOnlyForDeploymentPostprocessing = 1;
		};
/* End PBXCopyFilesBuildPhase section */

/* Begin PBXFileReference section */
		AE7CF0FC1C4D38BF0004BABF /* Cueter */ = {isa = PBXFileReference; explicitFileType = "compiled.mach-o.executable"; includeInIndex = 0; path = Cueter; sourceTree = BUILT_PRODUCTS_DIR; };
		AE7CF0FF1C4D38BF0004BABF /* main.swift */ = {isa = PBXFileReference; lastKnownFileType = sourcecode.swift; path = main.swift; sourceTree = "<group>"; };
		AE7CF1081C4D39DE0004BABF /* Flashcard.swift */ = {isa = PBXFileReference; fileEncoding = 4; lastKnownFileType = sourcecode.swift; path = Flashcard.swift; sourceTree = "<group>"; };
		AE7CF10D1C4D5B9A0004BABF /* readme.md */ = {isa = PBXFileReference; lastKnownFileType = net.daringfireball.markdown; path = readme.md; sourceTree = "<group>"; };
		AEBC16751C500858002C7393 /* FlashcardSet.swift */ = {isa = PBXFileReference; fileEncoding = 4; lastKnownFileType = sourcecode.swift; path = FlashcardSet.swift; sourceTree = "<group>"; };
/* End PBXFileReference section */

/* Begin PBXFrameworksBuildPhase section */
		AE7CF0F91C4D38BF0004BABF /* Frameworks */ = {
			isa = PBXFrameworksBuildPhase;
			buildActionMask = 2147483647;
			files = (
			);
			runOnlyForDeploymentPostprocessing = 0;
		};
/* End PBXFrameworksBuildPhase section */

/* Begin PBXGroup section */
		AE7CF0F31C4D38BF0004BABF = {
			isa = PBXGroup;
			children = (
				AE7CF10D1C4D5B9A0004BABF /* readme.md */,
				AE7CF0FE1C4D38BF0004BABF /* Cueter */,
				AE7CF0FD1C4D38BF0004BABF /* Products */,
			);
			sourceTree = "<group>";
		};
		AE7CF0FD1C4D38BF0004BABF /* Products */ = {
			isa = PBXGroup;
			children = (
				AE7CF0FC1C4D38BF0004BABF /* Cueter */,
			);
			name = Products;
			sourceTree = "<group>";
		};
		AE7CF0FE1C4D38BF0004BABF /* Cueter */ = {
			isa = PBXGroup;
			children = (
				AE7CF1061C4D39720004BABF /* Sources */,
			);
			path = Cueter;
			sourceTree = "<group>";
		};
		AE7CF1061C4D39720004BABF /* Sources */ = {
			isa = PBXGroup;
			children = (
				AE7CF1071C4D39800004BABF /* models */,
				AE7CF0FF1C4D38BF0004BABF /* main.swift */,
			);
			name = Sources;
			sourceTree = "<group>";
		};
		AE7CF1071C4D39800004BABF /* models */ = {
			isa = PBXGroup;
			children = (
				AE7CF1081C4D39DE0004BABF /* Flashcard.swift */,
				AEBC16751C500858002C7393 /* FlashcardSet.swift */,
			);
			name = models;
			sourceTree = "<group>";
		};
/* End PBXGroup section */

/* Begin PBXNativeTarget section */
		AE7CF0FB1C4D38BF0004BABF /* Cueter */ = {
			isa = PBXNativeTarget;
			buildConfigurationList = AE7CF1031C4D38BF0004BABF /* Build configuration list for PBXNativeTarget "Cueter" */;
			buildPhases = (
				AE7CF0F81C4D38BF0004BABF /* Sources */,
				AE7CF0F91C4D38BF0004BABF /* Frameworks */,
				AE7CF0FA1C4D38BF0004BABF /* CopyFiles */,
			);
			buildRules = (
			);
			dependencies = (
			);
			name = Cueter;
			productName = Cueter;
			productReference = AE7CF0FC1C4D38BF0004BABF /* Cueter */;
			productType = "com.apple.product-type.tool";
		};
/* End PBXNativeTarget section */

/* Begin PBXProject section */
		AE7CF0F41C4D38BF0004BABF /* Project object */ = {
			isa = PBXProject;
			attributes = {
				LastSwiftUpdateCheck = 0720;
				LastUpgradeCheck = 0720;
				ORGANIZATIONNAME = myApps;
				TargetAttributes = {
					AE7CF0FB1C4D38BF0004BABF = {
						CreatedOnToolsVersion = 7.2;
					};
				};
			};
			buildConfigurationList = AE7CF0F71C4D38BF0004BABF /* Build configuration list for PBXProject "Cueter" */;
			compatibilityVersion = "Xcode 3.2";
			developmentRegion = English;
			hasScannedForEncodings = 0;
			knownRegions = (
				en,
			);
			mainGroup = AE7CF0F31C4D38BF0004BABF;
			productRefGroup = AE7CF0FD1C4D38BF0004BABF /* Products */;
			projectDirPath = "";
			projectRoot = "";
			targets = (
				AE7CF0FB1C4D38BF0004BABF /* Cueter */,
			);
		};
/* End PBXProject section */

/* Begin PBXSourcesBuildPhase section */
		AE7CF0F81C4D38BF0004BABF /* Sources */ = {
			isa = PBXSourcesBuildPhase;
			buildActionMask = 2147483647;
			files = (
				AEBC16761C500858002C7393 /* FlashcardSet.swift in Sources */,
				AE7CF1091C4D39DE0004BABF /* Flashcard.swift in Sources */,
				AE7CF1001C4D38BF0004BABF /* main.swift in Sources */,
			);
			runOnlyForDeploymentPostprocessing = 0;
		};
/* End PBXSourcesBuildPhase section */

/* Begin XCBuildConfiguration section */
		AE7CF1011C4D38BF0004BABF /* Debug */ = {
			isa = XCBuildConfiguration;
			buildSettings = {
				ALWAYS_SEARCH_USER_PATHS = NO;
				CLANG_CXX_LANGUAGE_STANDARD = "gnu++0x";
				CLANG_CXX_LIBRARY = "libc++";
				CLANG_ENABLE_MODULES = YES;
				CLANG_ENABLE_OBJC_ARC = YES;
				CLANG_WARN_BOOL_CONVERSION = YES;
				CLANG_WARN_CONSTANT_CONVERSION = YES;
				CLANG_WARN_DIRECT_OBJC_ISA_USAGE = YES_ERROR;
				CLANG_WARN_EMPTY_BODY = YES;
				CLANG_WARN_ENUM_CONVERSION = YES;
				CLANG_WARN_INT_CONVERSION = YES;
				CLANG_WARN_OBJC_ROOT_CLASS = YES_ERROR;
				CLANG_WARN_UNREACHABLE_CODE = YES;
				CLANG_WARN__DUPLICATE_METHOD_MATCH = YES;
				CODE_SIGN_IDENTITY = "-";
				COPY_PHASE_STRIP = NO;
				DEBUG_INFORMATION_FORMAT = dwarf;
				ENABLE_STRICT_OBJC_MSGSEND = YES;
				ENABLE_TESTABILITY = YES;
				GCC_C_LANGUAGE_STANDARD = gnu99;
				GCC_DYNAMIC_NO_PIC = NO;
				GCC_NO_COMMON_BLOCKS = YES;
				GCC_OPTIMIZATION_LEVEL = 0;
				GCC_PREPROCESSOR_DEFINITIONS = (
					"DEBUG=1",
					"$(inherited)",
				);
				GCC_WARN_64_TO_32_BIT_CONVERSION = YES;
				GCC_WARN_ABOUT_RETURN_TYPE = YES_ERROR;
				GCC_WARN_UNDECLARED_SELECTOR = YES;
				GCC_WARN_UNINITIALIZED_AUTOS = YES_AGGRESSIVE;
				GCC_WARN_UNUSED_FUNCTION = YES;
				GCC_WARN_UNUSED_VARIABLE = YES;
				MACOSX_DEPLOYMENT_TARGET = 10.11;
				MTL_ENABLE_DEBUG_INFO = YES;
				ONLY_ACTIVE_ARCH = YES;
				SDKROOT = macosx;
				SWIFT_OPTIMIZATION_LEVEL = "-Onone";
			};
			name = Debug;
		};
		AE7CF1021C4D38BF0004BABF /* Release */ = {
			isa = XCBuildConfiguration;
			buildSettings = {
				ALWAYS_SEARCH_USER_PATHS = NO;
				CLANG_CXX_LANGUAGE_STANDARD = "gnu++0x";
				CLANG_CXX_LIBRARY = "libc++";
				CLANG_ENABLE_MODULES = YES;
				CLANG_ENABLE_OBJC_ARC = YES;
				CLANG_WARN_BOOL_CONVERSION = YES;
				CLANG_WARN_CONSTANT_CONVERSION = YES;
				CLANG_WARN_DIRECT_OBJC_ISA_USAGE = YES_ERROR;
				CLANG_WARN_EMPTY_BODY = YES;
				CLANG_WARN_ENUM_CONVERSION = YES;
				CLANG_WARN_INT_CONVERSION = YES;
				CLANG_WARN_OBJC_ROOT_CLASS = YES_ERROR;
				CLANG_WARN_UNREACHABLE_CODE = YES;
				CLANG_WARN__DUPLICATE_METHOD_MATCH = YES;
				CODE_SIGN_IDENTITY = "-";
				COPY_PHASE_STRIP = NO;
				DEBUG_INFORMATION_FORMAT = "dwarf-with-dsym";
				ENABLE_NS_ASSERTIONS = NO;
				ENABLE_STRICT_OBJC_MSGSEND = YES;
				GCC_C_LANGUAGE_STANDARD = gnu99;
				GCC_NO_COMMON_BLOCKS = YES;
				GCC_WARN_64_TO_32_BIT_CONVERSION = YES;
				GCC_WARN_ABOUT_RETURN_TYPE = YES_ERROR;
				GCC_WARN_UNDECLARED_SELECTOR = YES;
				GCC_WARN_UNINITIALIZED_AUTOS = YES_AGGRESSIVE;
				GCC_WARN_UNUSED_FUNCTION = YES;
				GCC_WARN_UNUSED_VARIABLE = YES;
				MACOSX_DEPLOYMENT_TARGET = 10.11;
				MTL_ENABLE_DEBUG_INFO = NO;
				SDKROOT = macosx;
			};
			name = Release;
		};
		AE7CF1041C4D38BF0004BABF /* Debug */ = {
			isa = XCBuildConfiguration;
			buildSettings = {
				PRODUCT_NAME = "$(TARGET_NAME)";
			};
			name = Debug;
		};
		AE7CF1051C4D38BF0004BABF /* Release */ = {
			isa = XCBuildConfiguration;
			buildSettings = {
				PRODUCT_NAME = "$(TARGET_NAME)";
			};
			name = Release;
		};
/* End XCBuildConfiguration section */

/* Begin XCConfigurationList section */
		AE7CF0F71C4D38BF0004BABF /* Build configuration list for PBXProject "Cueter" */ = {
			isa = XCConfigurationList;
			buildConfigurations = (
				AE7CF1011C4D38BF0004BABF /* Debug */,
				AE7CF1021C4D38BF0004BABF /* Release */,
			);
			defaultConfigurationIsVisible = 0;
			defaultConfigurationName = Release;
		};
		AE7CF1031C4D38BF0004BABF /* Build configuration list for PBXNativeTarget "Cueter" */ = {
			isa = XCConfigurationList;
			buildConfigurations = (
				AE7CF1041C4D38BF0004BABF /* Debug */,
				AE7CF1051C4D38BF0004BABF /* Release */,
			);
			defaultConfigurationIsVisible = 0;
			defaultConfigurationName = Release;
		};
/* End XCConfigurationList section */
	};
	rootObject = AE7CF0F41C4D38BF0004BABF /* Project object */;
}
